
Microsoft Visual Studio Solution File, Format Version 12.00
# Visual Studio 15
VisualStudioVersion = 15.0.28307.1684
MinimumVisualStudioVersion = 10.0.40219.1
Project("{9A19103F-16F7-4668-BE54-9A1E7A4F7556}") = "Domain", "Domain\Domain.csproj", "{9EB36E57-7004-4C78-A73D-CDF4FA99447A}"
EndProject
Project("{9A19103F-16F7-4668-BE54-9A1E7A4F7556}") = "Domain.test", "NUnitTestProject1\Domain.test.csproj", "{309BFC10-6DC9-4AE1-AC80-B294030A8C3C}"
EndProject
Project("{FAE04EC0-301F-11D3-BF4B-00C04F79EFBC}") = "ConsoleApp1", "ConsoleApp1\ConsoleApp1.csproj", "{A259D5E9-53A5-4B69-A3DE-5E83773F2B0F}"
EndProject
Global
	GlobalSection(SolutionConfigurationPlatforms) = preSolution
		Debug|Any CPU = Debug|Any CPU
		Release|Any CPU = Release|Any CPU
	EndGlobalSection
	GlobalSection(ProjectConfigurationPlatforms) = postSolution
		{9EB36E57-7004-4C78-A73D-CDF4FA99447A}.Debug|Any CPU.ActiveCfg = Debug|Any CPU
		{9EB36E57-7004-4C78-A73D-CDF4FA99447A}.Debug|Any CPU.Build.0 = Debug|Any CPU
		{9EB36E57-7004-4C78-A73D-CDF4FA99447A}.Release|Any CPU.ActiveCfg = Release|Any CPU
		{9EB36E57-7004-4C78-A73D-CDF4FA99447A}.Release|Any CPU.Build.0 = Release|Any CPU
		{309BFC10-6DC9-4AE1-AC80-B294030A8C3C}.Debug|Any CPU.ActiveCfg = Debug|Any CPU
		{309BFC10-6DC9-4AE1-AC80-B294030A8C3C}.Debug|Any CPU.Build.0 = Debug|Any CPU
		{309BFC10-6DC9-4AE1-AC80-B294030A8C3C}.Release|Any CPU.ActiveCfg = Release|Any CPU
		{309BFC10-6DC9-4AE1-AC80-B294030A8C3C}.Release|Any CPU.Build.0 = Release|Any CPU
		{A259D5E9-53A5-4B69-A3DE-5E83773F2B0F}.Debug|Any CPU.ActiveCfg = Debug|Any CPU
		{A259D5E9-53A5-4B69-A3DE-5E83773F2B0F}.Debug|Any CPU.Build.0 = Debug|Any CPU
		{A259D5E9-53A5-4B69-A3DE-5E83773F2B0F}.Release|Any CPU.ActiveCfg = Release|Any CPU
		{A259D5E9-53A5-4B69-A3DE-5E83773F2B0F}.Release|Any CPU.Build.0 = Release|Any CPU
	EndGlobalSection
	GlobalSection(SolutionProperties) = preSolution
		HideSolutionNode = FALSE
	EndGlobalSection
	GlobalSection(ExtensibilityGlobals) = postSolution
		SolutionGuid = {CFCA413B-278E-46BE-A8AB-1889D6B80560}
	EndGlobalSection
EndGlobal
